
Microsoft Visual Studio Solution File, Format Version 12.00
# Visual Studio Version 16
VisualStudioVersion = 16.0.809.0
MinimumVisualStudioVersion = 10.0.40219.1
Project("{FAE04EC0-301F-11D3-BF4B-00C04F79EFBC}") = "SseDemo.Android", "SseDemo.Android\SseDemo.Android.csproj", "{D0127F66-0DAA-47DA-98F2-8E0641F57D7B}"
EndProject
Project("{FAE04EC0-301F-11D3-BF4B-00C04F79EFBC}") = "SseDemo.iOS", "SseDemo.iOS\SseDemo.iOS.csproj", "{166093B6-3783-4E1E-B420-96E2BE41F7A3}"
EndProject
Project("{FAE04EC0-301F-11D3-BF4B-00C04F79EFBC}") = "SseDemo", "SseDemo\SseDemo.csproj", "{F8CFE4B0-854F-4017-AB24-0FBF9ADAE904}"
EndProject
Global
	GlobalSection(SolutionConfigurationPlatforms) = preSolution
		Debug|Any CPU = Debug|Any CPU
		Release|Any CPU = Release|Any CPU
		Debug|iPhoneSimulator = Debug|iPhoneSimulator
		Release|iPhoneSimulator = Release|iPhoneSimulator
		Debug|iPhone = Debug|iPhone
		Release|iPhone = Release|iPhone
	EndGlobalSection
	GlobalSection(ProjectConfigurationPlatforms) = postSolution
		{D0127F66-0DAA-47DA-98F2-8E0641F57D7B}.Debug|Any CPU.ActiveCfg = Debug|Any CPU
		{D0127F66-0DAA-47DA-98F2-8E0641F57D7B}.Debug|Any CPU.Build.0 = Debug|Any CPU
		{D0127F66-0DAA-47DA-98F2-8E0641F57D7B}.Release|Any CPU.ActiveCfg = Release|Any CPU
		{D0127F66-0DAA-47DA-98F2-8E0641F57D7B}.Release|Any CPU.Build.0 = Release|Any CPU
		{D0127F66-0DAA-47DA-98F2-8E0641F57D7B}.Debug|iPhoneSimulator.ActiveCfg = Debug|Any CPU
		{D0127F66-0DAA-47DA-98F2-8E0641F57D7B}.Debug|iPhoneSimulator.Build.0 = Debug|Any CPU
		{D0127F66-0DAA-47DA-98F2-8E0641F57D7B}.Release|iPhoneSimulator.ActiveCfg = Release|Any CPU
		{D0127F66-0DAA-47DA-98F2-8E0641F57D7B}.Release|iPhoneSimulator.Build.0 = Release|Any CPU
		{D0127F66-0DAA-47DA-98F2-8E0641F57D7B}.Debug|iPhone.ActiveCfg = Debug|Any CPU
		{D0127F66-0DAA-47DA-98F2-8E0641F57D7B}.Debug|iPhone.Build.0 = Debug|Any CPU
		{D0127F66-0DAA-47DA-98F2-8E0641F57D7B}.Release|iPhone.ActiveCfg = Release|Any CPU
		{D0127F66-0DAA-47DA-98F2-8E0641F57D7B}.Release|iPhone.Build.0 = Release|Any CPU
		{166093B6-3783-4E1E-B420-96E2BE41F7A3}.Debug|Any CPU.ActiveCfg = Debug|iPhoneSimulator
		{166093B6-3783-4E1E-B420-96E2BE41F7A3}.Debug|Any CPU.Build.0 = Debug|iPhoneSimulator
		{166093B6-3783-4E1E-B420-96E2BE41F7A3}.Release|Any CPU.ActiveCfg = Release|iPhoneSimulator
		{166093B6-3783-4E1E-B420-96E2BE41F7A3}.Release|Any CPU.Build.0 = Release|iPhoneSimulator
		{166093B6-3783-4E1E-B420-96E2BE41F7A3}.Debug|iPhoneSimulator.ActiveCfg = Debug|iPhoneSimulator
		{166093B6-3783-4E1E-B420-96E2BE41F7A3}.Debug|iPhoneSimulator.Build.0 = Debug|iPhoneSimulator
		{166093B6-3783-4E1E-B420-96E2BE41F7A3}.Release|iPhoneSimulator.ActiveCfg = Release|iPhoneSimulator
		{166093B6-3783-4E1E-B420-96E2BE41F7A3}.Release|iPhoneSimulator.Build.0 = Release|iPhoneSimulator
		{166093B6-3783-4E1E-B420-96E2BE41F7A3}.Debug|iPhone.ActiveCfg = Debug|iPhone
		{166093B6-3783-4E1E-B420-96E2BE41F7A3}.Debug|iPhone.Build.0 = Debug|iPhone
		{166093B6-3783-4E1E-B420-96E2BE41F7A3}.Release|iPhone.ActiveCfg = Release|iPhone
		{166093B6-3783-4E1E-B420-96E2BE41F7A3}.Release|iPhone.Build.0 = Release|iPhone
		{F8CFE4B0-854F-4017-AB24-0FBF9ADAE904}.Debug|Any CPU.ActiveCfg = Debug|Any CPU
		{F8CFE4B0-854F-4017-AB24-0FBF9ADAE904}.Debug|Any CPU.Build.0 = Debug|Any CPU
		{F8CFE4B0-854F-4017-AB24-0FBF9ADAE904}.Release|Any CPU.ActiveCfg = Release|Any CPU
		{F8CFE4B0-854F-4017-AB24-0FBF9ADAE904}.Release|Any CPU.Build.0 = Release|Any CPU
		{F8CFE4B0-854F-4017-AB24-0FBF9ADAE904}.Debug|iPhoneSimulator.ActiveCfg = Debug|Any CPU
		{F8CFE4B0-854F-4017-AB24-0FBF9ADAE904}.Debug|iPhoneSimulator.Build.0 = Debug|Any CPU
		{F8CFE4B0-854F-4017-AB24-0FBF9ADAE904}.Release|iPhoneSimulator.ActiveCfg = Release|Any CPU
		{F8CFE4B0-854F-4017-AB24-0FBF9ADAE904}.Release|iPhoneSimulator.Build.0 = Release|Any CPU
		{F8CFE4B0-854F-4017-AB24-0FBF9ADAE904}.Debug|iPhone.ActiveCfg = Debug|Any CPU
		{F8CFE4B0-854F-4017-AB24-0FBF9ADAE904}.Debug|iPhone.Build.0 = Debug|Any CPU
		{F8CFE4B0-854F-4017-AB24-0FBF9ADAE904}.Release|iPhone.ActiveCfg = Release|Any CPU
		{F8CFE4B0-854F-4017-AB24-0FBF9ADAE904}.Release|iPhone.Build.0 = Release|Any CPU
	EndGlobalSection
	GlobalSection(SolutionProperties) = preSolution
		HideSolutionNode = FALSE
	EndGlobalSection
	GlobalSection(ExtensibilityGlobals) = postSolution
		SolutionGuid = {760FA0FD-ABC2-4AC4-AE75-5F4C3E6C48B2}
	EndGlobalSection
EndGlobal
